{
  "name": "dragonwood-rolls",
  "version": "1.0.0",
  "lockfileVersion": 1,
  "requires": true,
  "dependencies": {
    "@types/node": {
      "version": "11.9.4",
      "resolved": "https://registry.npmjs.org/@types/node/-/node-11.9.4.tgz",
      "integrity": "sha512-Zl8dGvAcEmadgs1tmSPcvwzO1YRsz38bVJQvH1RvRqSR9/5n61Q1ktcDL0ht3FXWR+ZpVmXVwN1LuH4Ax23NsA==",
      "dev": true
    },
    "cartesian-product-generator": {
      "version": "1.1.0",
      "resolved": "https://registry.npmjs.org/cartesian-product-generator/-/cartesian-product-generator-1.1.0.tgz",
      "integrity": "sha512-wKHdWUaIrqY4lgnmyCN5Oac0Xb1+Fvo6vUrsrEuRvpO/RTKrqFmZACDDNTctRBnuqnSNc/D0fsBuqYxi13ltOg==",
      "requires": {
        "ind2sub": "^2.0.0"
      }
    },
    "ind2sub": {
      "version": "2.0.0",
      "resolved": "https://registry.npmjs.org/ind2sub/-/ind2sub-2.0.0.tgz",
      "integrity": "sha512-xvb/V5SoBlJ36hYYzn5ZXGEPeGi6qDwFQu/luxa4eEoHYwlZFZChESsPl2cQVPE4kAsBHg5OQ5alEWtyktYXBg=="
    },
    "typescript": {
      "version": "3.8.3",
      "resolved": "https://registry.npmjs.org/typescript/-/typescript-3.8.3.tgz",
      "integrity": "sha512-MYlEfn5VrLNsgudQTVJeNaQFUAI7DkhnOjdpAp4T+ku1TfQClewlbSuTVHiA+8skNBgaf02TL/kLOvig4y3G8w==",
      "dev": true
    }
  }
}
